
Microsoft Visual Studio Solution File, Format Version 12.00
# Visual Studio 15
VisualStudioVersion = 15.0.28010.2003
MinimumVisualStudioVersion = 10.0.40219.1
Project("{FAE04EC0-301F-11D3-BF4B-00C04F79EFBC}") = "KalkulatorNaukowyCsharp", "KalkulatorNaukowyCsharp\KalkulatorNaukowyCsharp.csproj", "{099A1C49-9F93-4306-87E0-016AF78DB55F}"
EndProject
Global
	GlobalSection(SolutionConfigurationPlatforms) = preSolution
		Debug|Any CPU = Debug|Any CPU
		Release|Any CPU = Release|Any CPU
	EndGlobalSection
	GlobalSection(ProjectConfigurationPlatforms) = postSolution
		{099A1C49-9F93-4306-87E0-016AF78DB55F}.Debug|Any CPU.ActiveCfg = Debug|Any CPU
		{099A1C49-9F93-4306-87E0-016AF78DB55F}.Debug|Any CPU.Build.0 = Debug|Any CPU
		{099A1C49-9F93-4306-87E0-016AF78DB55F}.Release|Any CPU.ActiveCfg = Release|Any CPU
		{099A1C49-9F93-4306-87E0-016AF78DB55F}.Release|Any CPU.Build.0 = Release|Any CPU
	EndGlobalSection
	GlobalSection(SolutionProperties) = preSolution
		HideSolutionNode = FALSE
	EndGlobalSection
	GlobalSection(ExtensibilityGlobals) = postSolution
		SolutionGuid = {7E9FA278-69D2-4D51-BC0A-E1D433CA3C33}
	EndGlobalSection
EndGlobal
